PODS:
  - Alamofire (4.7.3)
  - HandyJSON (4.2.0)
  - Kingfisher (4.10.0)
  - LLCycleScrollView (1.5.1):
    - Kingfisher
  - SDWebImage (4.4.2):
    - SDWebImage/Core (= 4.4.2)
  - SDWebImage/Core (4.4.2)
  - SnapKit (4.0.1)
  - SVProgressHUD (2.2.5)
  - SwiftyJSON (4.2.0)
  - UMCCommon (1.5.2)
  - UMCSecurityPlugins (1.0.6)
  - UMCShare/Core (6.9.4):
    - UMCCommon
  - UMCShare/Social/ReducedQQ (6.9.4):
    - UMCCommon
    - UMCShare/Core
  - UMCShare/Social/ReducedSina (6.9.4):
    - UMCCommon
    - UMCShare/Core
  - UMCShare/Social/ReducedWeChat (6.9.4):
    - UMCCommon
    - UMCShare/Core
  - UMCShare/UI (6.9.4):
    - UMCCommon
    - UMCShare/Core
  - WebViewJavascriptBridge (6.0.3)

DEPENDENCIES:
  - Alamofire
  - HandyJSON (~> 4.2.0)
  - LLCycleScrollView
  - SDWebImage
  - SnapKit
  - SVProgressHUD
  - SwiftyJSON
  - UMCCommon
  - UMCSecurityPlugins
  - UMCShare/Social/ReducedQQ
  - UMCShare/Social/ReducedSina
  - UMCShare/Social/ReducedWeChat
  - UMCShare/UI
  - WebViewJavascriptBridge

SPEC REPOS:
  https://github.com/cocoapods/specs.git:
    - Alamofire
    - HandyJSON
    - Kingfisher
    - LLCycleScrollView
    - SDWebImage
    - SnapKit
    - SVProgressHUD
    - SwiftyJSON
    - UMCCommon
    - UMCSecurityPlugins
    - UMCShare
    - WebViewJavascriptBridge

SPEC CHECKSUMS:
  Alamofire: c7287b6e5d7da964a70935e5db17046b7fde6568
  HandyJSON: 9dfc026c7d7adc1f0f8ba8b181495f0e0763b0f4
  Kingfisher: 43c4b802d8b5256cf1f4379e9cd10b329be6d3e2
  LLCycleScrollView: 52c2e96a92b6d16d8e0fe46b6aedb8a320bc846b
  SDWebImage: 624d6e296c69b244bcede364c72ae0430ac14681
  SnapKit: 0de968a9fec17499afa29683b05d0c775b6d1c29
  SVProgressHUD: 1428aafac632c1f86f62aa4243ec12008d7a51d6
  SwiftyJSON: c4bcba26dd9ec7a027fc8eade48e2c911f229e96
  UMCCommon: 4392868ac47ff1b101663106bb114ba616fabbad
  UMCSecurityPlugins: 0831a08f3988f3cea9f1d3a7626cd9bee4fef150
  UMCShare: aa233aecad67979930fe43f3a2f676023b669439
  WebViewJavascriptBridge: 7f5bc4d3581e672e8f32bd0f812d54bc69bb8e29

PODFILE CHECKSUM: 6c9de3d7c57f022f311e415aaa69f2e61c4a7099

COCOAPODS: 1.5.3
