// !$*UTF8*$!
{
	archiveVersion = 1;
	classes = {
	};
	objectVersion = 50;
	objects = {

/* Begin PBXBuildFile section */
		1225DDE30BF1CC2F9A0BC810 /* Pods_MySwiftUITests.framework in Frameworks */ = {isa = PBXBuildFile; fileRef = 0D5F2BF36CF72D049478866D /* Pods_MySwiftUITests.framework */; };
		330C97A08B30F024667FFF9C /* Pods_MySwiftTests.framework in Frameworks */ = {isa = PBXBuildFile; fileRef = 0BD1960DB9B4A1522E753BAD /* Pods_MySwiftTests.framework */; };
		C92815E22C6EBBF9426766DD /* Pods_MySwift.framework in Frameworks */ = {isa = PBXBuildFile; fileRef = C91F186E509E6602DA1237CE /* Pods_MySwift.framework */; };
		EE17F8F422545FB6006DD3AF /* SVProgressHUD.framework in Frameworks */ = {isa = PBXBuildFile; fileRef = EE17F8F322545FB6006DD3AF /* SVProgressHUD.framework */; };
		EE1ABA6D225F236B00233854 /* StudentClass.swift in Sources */ = {isa = PBXBuildFile; fileRef = EE1ABA6C225F236B00233854 /* StudentClass.swift */; };
		EE203DDD225314D700D5E900 /* TTAlamoNetWorkTool.swift in Sources */ = {isa = PBXBuildFile; fileRef = EE203DDC225314D700D5E900 /* TTAlamoNetWorkTool.swift */; };
		EE203DE0225335CA00D5E900 /* TTUtil.swift in Sources */ = {isa = PBXBuildFile; fileRef = EE203DDF225335CA00D5E900 /* TTUtil.swift */; };
		EE31EB22224A27CB00F9F5BF /* AppDelegate.swift in Sources */ = {isa = PBXBuildFile; fileRef = EE31EB21224A27CB00F9F5BF /* AppDelegate.swift */; };
		EE31EB27224A27CB00F9F5BF /* Main.storyboard in Resources */ = {isa = PBXBuildFile; fileRef = EE31EB25224A27CB00F9F5BF /* Main.storyboard */; };
		EE31EB29224A27CD00F9F5BF /* Assets.xcassets in Resources */ = {isa = PBXBuildFile; fileRef = EE31EB28224A27CD00F9F5BF /* Assets.xcassets */; };
		EE31EB2C224A27CD00F9F5BF /* LaunchScreen.storyboard in Resources */ = {isa = PBXBuildFile; fileRef = EE31EB2A224A27CD00F9F5BF /* LaunchScreen.storyboard */; };
		EE31EB37224A27CD00F9F5BF /* MySwiftTests.swift in Sources */ = {isa = PBXBuildFile; fileRef = EE31EB36224A27CD00F9F5BF /* MySwiftTests.swift */; };
		EE31EB42224A27CD00F9F5BF /* MySwiftUITests.swift in Sources */ = {isa = PBXBuildFile; fileRef = EE31EB41224A27CD00F9F5BF /* MySwiftUITests.swift */; };
		EE5F4AF92266C772004F2F8D /* ImageCollectionViewCell.swift in Sources */ = {isa = PBXBuildFile; fileRef = EE5F4AF82266C772004F2F8D /* ImageCollectionViewCell.swift */; };
		EE5F4AFB22671633004F2F8D /* ImageDetailController.swift in Sources */ = {isa = PBXBuildFile; fileRef = EE5F4AFA22671633004F2F8D /* ImageDetailController.swift */; };
		EE5F4AFD22671911004F2F8D /* ImageDetailCell.swift in Sources */ = {isa = PBXBuildFile; fileRef = EE5F4AFC22671911004F2F8D /* ImageDetailCell.swift */; };
		EE5F4B0022673911004F2F8D /* HomeAnimation.swift in Sources */ = {isa = PBXBuildFile; fileRef = EE5F4AFF22673911004F2F8D /* HomeAnimation.swift */; };
		EE60987E224C967100F85530 /* BaseViewController.swift in Sources */ = {isa = PBXBuildFile; fileRef = EE60987D224C967100F85530 /* BaseViewController.swift */; };
		EE609880224C970B00F85530 /* BaseBarViewController.swift in Sources */ = {isa = PBXBuildFile; fileRef = EE60987F224C970B00F85530 /* BaseBarViewController.swift */; };
		EE60988E224CAE0600F85530 /* PrefixFile.swift in Sources */ = {isa = PBXBuildFile; fileRef = EE60988D224CAE0600F85530 /* PrefixFile.swift */; };
		EE609896224CB95500F85530 /* HomeController.swift in Sources */ = {isa = PBXBuildFile; fileRef = EE609895224CB95500F85530 /* HomeController.swift */; };
		EE609898224CB96B00F85530 /* MailListController.swift in Sources */ = {isa = PBXBuildFile; fileRef = EE609897224CB96B00F85530 /* MailListController.swift */; };
		EE60989A224CB97A00F85530 /* FindController.swift in Sources */ = {isa = PBXBuildFile; fileRef = EE609899224CB97A00F85530 /* FindController.swift */; };
		EE60989C224CB98600F85530 /* MyController.swift in Sources */ = {isa = PBXBuildFile; fileRef = EE60989B224CB98600F85530 /* MyController.swift */; };
		EE60989F224CDBB600F85530 /* BaseNavViewController.swift in Sources */ = {isa = PBXBuildFile; fileRef = EE60989E224CDBB600F85530 /* BaseNavViewController.swift */; };
		EE8C2038224E0FB900885893 /* GuidepagesViewController.swift in Sources */ = {isa = PBXBuildFile; fileRef = EE8C2037224E0FB900885893 /* GuidepagesViewController.swift */; };
		EE8E58E72265BBDA009BF2E4 /* Person.m in Sources */ = {isa = PBXBuildFile; fileRef = EE8E58E62265BBDA009BF2E4 /* Person.m */; };
		EE8E58EA2265BE7A009BF2E4 /* Cat.m in Sources */ = {isa = PBXBuildFile; fileRef = EE8E58E92265BE7A009BF2E4 /* Cat.m */; };
		EEDC03222252011B002771D4 /* HomeCell.swift in Sources */ = {isa = PBXBuildFile; fileRef = EEDC03212252011B002771D4 /* HomeCell.swift */; };
		EEDC032422520D59002771D4 /* HomeModel.swift in Sources */ = {isa = PBXBuildFile; fileRef = EEDC032322520D59002771D4 /* HomeModel.swift */; };
		EEDC032622521D25002771D4 /* DetailController.swift in Sources */ = {isa = PBXBuildFile; fileRef = EEDC032522521D25002771D4 /* DetailController.swift */; };
/* End PBXBuildFile section */

/* Begin PBXContainerItemProxy section */
		EE31EB33224A27CD00F9F5BF /* PBXContainerItemProxy */ = {
			isa = PBXContainerItemProxy;
			containerPortal = EE31EB16224A27CB00F9F5BF /* Project object */;
			proxyType = 1;
			remoteGlobalIDString = EE31EB1D224A27CB00F9F5BF;
			remoteInfo = MySwift;
		};
		EE31EB3E224A27CD00F9F5BF /* PBXContainerItemProxy */ = {
			isa = PBXContainerItemProxy;
			containerPortal = EE31EB16224A27CB00F9F5BF /* Project object */;
			proxyType = 1;
			remoteGlobalIDString = EE31EB1D224A27CB00F9F5BF;
			remoteInfo = MySwift;
		};
/* End PBXContainerItemProxy section */

/* Begin PBXCopyFilesBuildPhase section */
		EE31EB5B224A2F0F00F9F5BF /* Embed Frameworks */ = {
			isa = PBXCopyFilesBuildPhase;
			buildActionMask = 2147483647;
			dstPath = "";
			dstSubfolderSpec = 10;
			files = (
			);
			name = "Embed Frameworks";
			runOnlyForDeploymentPostprocessing = 0;
		};
/* End PBXCopyFilesBuildPhase section */

/* Begin PBXFileReference section */
		0037FA37F2D7C944EA86DBD0 /* Pods-MySwiftUITests.release.xcconfig */ = {isa = PBXFileReference; includeInIndex = 1; lastKnownFileType = text.xcconfig; name = "Pods-MySwiftUITests.release.xcconfig"; path = "Pods/Target Support Files/Pods-MySwiftUITests/Pods-MySwiftUITests.release.xcconfig"; sourceTree = "<group>"; };
		0BD1960DB9B4A1522E753BAD /* Pods_MySwiftTests.framework */ = {isa = PBXFileReference; explicitFileType = wrapper.framework; includeInIndex = 0; path = Pods_MySwiftTests.framework; sourceTree = BUILT_PRODUCTS_DIR; };
		0D5F2BF36CF72D049478866D /* Pods_MySwiftUITests.framework */ = {isa = PBXFileReference; explicitFileType = wrapper.framework; includeInIndex = 0; path = Pods_MySwiftUITests.framework; sourceTree = BUILT_PRODUCTS_DIR; };
		262D315ED474909EC37F84DA /* Pods-MySwiftTests.debug.xcconfig */ = {isa = PBXFileReference; includeInIndex = 1; lastKnownFileType = text.xcconfig; name = "Pods-MySwiftTests.debug.xcconfig"; path = "Pods/Target Support Files/Pods-MySwiftTests/Pods-MySwiftTests.debug.xcconfig"; sourceTree = "<group>"; };
		9431DE81157BEDC36BA28864 /* Pods-MySwiftUITests.debug.xcconfig */ = {isa = PBXFileReference; includeInIndex = 1; lastKnownFileType = text.xcconfig; name = "Pods-MySwiftUITests.debug.xcconfig"; path = "Pods/Target Support Files/Pods-MySwiftUITests/Pods-MySwiftUITests.debug.xcconfig"; sourceTree = "<group>"; };
		C91F186E509E6602DA1237CE /* Pods_MySwift.framework */ = {isa = PBXFileReference; explicitFileType = wrapper.framework; includeInIndex = 0; path = Pods_MySwift.framework; sourceTree = BUILT_PRODUCTS_DIR; };
		D04EC71D0B8AD268E9B38221 /* Pods-MySwift.release.xcconfig */ = {isa = PBXFileReference; includeInIndex = 1; lastKnownFileType = text.xcconfig; name = "Pods-MySwift.release.xcconfig"; path = "Pods/Target Support Files/Pods-MySwift/Pods-MySwift.release.xcconfig"; sourceTree = "<group>"; };
		E1CE0E15B8729FE7982409F6 /* Pods-MySwiftTests.release.xcconfig */ = {isa = PBXFileReference; includeInIndex = 1; lastKnownFileType = text.xcconfig; name = "Pods-MySwiftTests.release.xcconfig"; path = "Pods/Target Support Files/Pods-MySwiftTests/Pods-MySwiftTests.release.xcconfig"; sourceTree = "<group>"; };
		ECFAAF2D33B154001F14F60E /* Pods-MySwift.debug.xcconfig */ = {isa = PBXFileReference; includeInIndex = 1; lastKnownFileType = text.xcconfig; name = "Pods-MySwift.debug.xcconfig"; path = "Pods/Target Support Files/Pods-MySwift/Pods-MySwift.debug.xcconfig"; sourceTree = "<group>"; };
		EE17F8F222545E46006DD3AF /* MySwift-Bridging-Header.h */ = {isa = PBXFileReference; lastKnownFileType = sourcecode.c.h; path = "MySwift-Bridging-Header.h"; sourceTree = "<group>"; };
		EE17F8F322545FB6006DD3AF /* SVProgressHUD.framework */ = {isa = PBXFileReference; explicitFileType = wrapper.framework; path = SVProgressHUD.framework; sourceTree = BUILT_PRODUCTS_DIR; };
		EE1ABA6C225F236B00233854 /* StudentClass.swift */ = {isa = PBXFileReference; lastKnownFileType = sourcecode.swift; path = StudentClass.swift; sourceTree = "<group>"; };
		EE203DDC225314D700D5E900 /* TTAlamoNetWorkTool.swift */ = {isa = PBXFileReference; lastKnownFileType = sourcecode.swift; path = TTAlamoNetWorkTool.swift; sourceTree = "<group>"; };
		EE203DDF225335CA00D5E900 /* TTUtil.swift */ = {isa = PBXFileReference; lastKnownFileType = sourcecode.swift; path = TTUtil.swift; sourceTree = "<group>"; };
		EE31EB1E224A27CB00F9F5BF /* MySwift.app */ = {isa = PBXFileReference; explicitFileType = wrapper.application; includeInIndex = 0; path = MySwift.app; sourceTree = BUILT_PRODUCTS_DIR; };
		EE31EB21224A27CB00F9F5BF /* AppDelegate.swift */ = {isa = PBXFileReference; lastKnownFileType = sourcecode.swift; path = AppDelegate.swift; sourceTree = "<group>"; };
		EE31EB26224A27CB00F9F5BF /* Base */ = {isa = PBXFileReference; lastKnownFileType = file.storyboard; name = Base; path = Base.lproj/Main.storyboard; sourceTree = "<group>"; };
		EE31EB28224A27CD00F9F5BF /* Assets.xcassets */ = {isa = PBXFileReference; lastKnownFileType = folder.assetcatalog; path = Assets.xcassets; sourceTree = "<group>"; };
		EE31EB2B224A27CD00F9F5BF /* Base */ = {isa = PBXFileReference; lastKnownFileType = file.storyboard; name = Base; path = Base.lproj/LaunchScreen.storyboard; sourceTree = "<group>"; };
		EE31EB2D224A27CD00F9F5BF /* Info.plist */ = {isa = PBXFileReference; lastKnownFileType = text.plist.xml; path = Info.plist; sourceTree = "<group>"; };
		EE31EB32224A27CD00F9F5BF /* MySwiftTests.xctest */ = {isa = PBXFileReference; explicitFileType = wrapper.cfbundle; includeInIndex = 0; path = MySwiftTests.xctest; sourceTree = BUILT_PRODUCTS_DIR; };
		EE31EB36224A27CD00F9F5BF /* MySwiftTests.swift */ = {isa = PBXFileReference; lastKnownFileType = sourcecode.swift; path = MySwiftTests.swift; sourceTree = "<group>"; };
		EE31EB38224A27CD00F9F5BF /* Info.plist */ = {isa = PBXFileReference; lastKnownFileType = text.plist.xml; path = Info.plist; sourceTree = "<group>"; };
		EE31EB3D224A27CD00F9F5BF /* MySwiftUITests.xctest */ = {isa = PBXFileReference; explicitFileType = wrapper.cfbundle; includeInIndex = 0; path = MySwiftUITests.xctest; sourceTree = BUILT_PRODUCTS_DIR; };
		EE31EB41224A27CD00F9F5BF /* MySwiftUITests.swift */ = {isa = PBXFileReference; lastKnownFileType = sourcecode.swift; path = MySwiftUITests.swift; sourceTree = "<group>"; };
		EE31EB43224A27CD00F9F5BF /* Info.plist */ = {isa = PBXFileReference; lastKnownFileType = text.plist.xml; path = Info.plist; sourceTree = "<group>"; };
		EE5F4AF82266C772004F2F8D /* ImageCollectionViewCell.swift */ = {isa = PBXFileReference; lastKnownFileType = sourcecode.swift; path = ImageCollectionViewCell.swift; sourceTree = "<group>"; };
		EE5F4AFA22671633004F2F8D /* ImageDetailController.swift */ = {isa = PBXFileReference; lastKnownFileType = sourcecode.swift; path = ImageDetailController.swift; sourceTree = "<group>"; };
		EE5F4AFC22671911004F2F8D /* ImageDetailCell.swift */ = {isa = PBXFileReference; lastKnownFileType = sourcecode.swift; path = ImageDetailCell.swift; sourceTree = "<group>"; };
		EE5F4AFF22673911004F2F8D /* HomeAnimation.swift */ = {isa = PBXFileReference; lastKnownFileType = sourcecode.swift; path = HomeAnimation.swift; sourceTree = "<group>"; };
		EE60987D224C967100F85530 /* BaseViewController.swift */ = {isa = PBXFileReference; lastKnownFileType = sourcecode.swift; path = BaseViewController.swift; sourceTree = "<group>"; };
		EE60987F224C970B00F85530 /* BaseBarViewController.swift */ = {isa = PBXFileReference; lastKnownFileType = sourcecode.swift; path = BaseBarViewController.swift; sourceTree = "<group>"; };
		EE60988D224CAE0600F85530 /* PrefixFile.swift */ = {isa = PBXFileReference; lastKnownFileType = sourcecode.swift; path = PrefixFile.swift; sourceTree = "<group>"; };
		EE609895224CB95500F85530 /* HomeController.swift */ = {isa = PBXFileReference; lastKnownFileType = sourcecode.swift; path = HomeController.swift; sourceTree = "<group>"; };
		EE609897224CB96B00F85530 /* MailListController.swift */ = {isa = PBXFileReference; lastKnownFileType = sourcecode.swift; path = MailListController.swift; sourceTree = "<group>"; };
		EE609899224CB97A00F85530 /* FindController.swift */ = {isa = PBXFileReference; lastKnownFileType = sourcecode.swift; path = FindController.swift; sourceTree = "<group>"; };
		EE60989B224CB98600F85530 /* MyController.swift */ = {isa = PBXFileReference; lastKnownFileType = sourcecode.swift; path = MyController.swift; sourceTree = "<group>"; };
		EE60989E224CDBB600F85530 /* BaseNavViewController.swift */ = {isa = PBXFileReference; lastKnownFileType = sourcecode.swift; path = BaseNavViewController.swift; sourceTree = "<group>"; };
		EE8C2037224E0FB900885893 /* GuidepagesViewController.swift */ = {isa = PBXFileReference; lastKnownFileType = sourcecode.swift; path = GuidepagesViewController.swift; sourceTree = "<group>"; };
		EE8E58E52265BBDA009BF2E4 /* Person.h */ = {isa = PBXFileReference; lastKnownFileType = sourcecode.c.h; path = Person.h; sourceTree = "<group>"; };
		EE8E58E62265BBDA009BF2E4 /* Person.m */ = {isa = PBXFileReference; lastKnownFileType = sourcecode.c.objc; path = Person.m; sourceTree = "<group>"; };
		EE8E58E82265BE7A009BF2E4 /* Cat.h */ = {isa = PBXFileReference; lastKnownFileType = sourcecode.c.h; path = Cat.h; sourceTree = "<group>"; };
		EE8E58E92265BE7A009BF2E4 /* Cat.m */ = {isa = PBXFileReference; lastKnownFileType = sourcecode.c.objc; path = Cat.m; sourceTree = "<group>"; };
		EEDC03212252011B002771D4 /* HomeCell.swift */ = {isa = PBXFileReference; lastKnownFileType = sourcecode.swift; path = HomeCell.swift; sourceTree = "<group>"; };
		EEDC032322520D59002771D4 /* HomeModel.swift */ = {isa = PBXFileReference; lastKnownFileType = sourcecode.swift; path = HomeModel.swift; sourceTree = "<group>"; };
		EEDC032522521D25002771D4 /* DetailController.swift */ = {isa = PBXFileReference; lastKnownFileType = sourcecode.swift; path = DetailController.swift; sourceTree = "<group>"; };
/* End PBXFileReference section */

/* Begin PBXFrameworksBuildPhase section */
		EE31EB1B224A27CB00F9F5BF /* Frameworks */ = {
			isa = PBXFrameworksBuildPhase;
			buildActionMask = 2147483647;
			files = (
				EE17F8F422545FB6006DD3AF /* SVProgressHUD.framework in Frameworks */,
				C92815E22C6EBBF9426766DD /* Pods_MySwift.framework in Frameworks */,
			);
			runOnlyForDeploymentPostprocessing = 0;
		};
		EE31EB2F224A27CD00F9F5BF /* Frameworks */ = {
			isa = PBXFrameworksBuildPhase;
			buildActionMask = 2147483647;
			files = (
				330C97A08B30F024667FFF9C /* Pods_MySwiftTests.framework in Frameworks */,
			);
			runOnlyForDeploymentPostprocessing = 0;
		};
		EE31EB3A224A27CD00F9F5BF /* Frameworks */ = {
			isa = PBXFrameworksBuildPhase;
			buildActionMask = 2147483647;
			files = (
				1225DDE30BF1CC2F9A0BC810 /* Pods_MySwiftUITests.framework in Frameworks */,
			);
			runOnlyForDeploymentPostprocessing = 0;
		};
/* End PBXFrameworksBuildPhase section */

/* Begin PBXGroup section */
		AEE4530193A26B2A561AFC59 /* Pods */ = {
			isa = PBXGroup;
			children = (
				ECFAAF2D33B154001F14F60E /* Pods-MySwift.debug.xcconfig */,
				D04EC71D0B8AD268E9B38221 /* Pods-MySwift.release.xcconfig */,
				262D315ED474909EC37F84DA /* Pods-MySwiftTests.debug.xcconfig */,
				E1CE0E15B8729FE7982409F6 /* Pods-MySwiftTests.release.xcconfig */,
				9431DE81157BEDC36BA28864 /* Pods-MySwiftUITests.debug.xcconfig */,
				0037FA37F2D7C944EA86DBD0 /* Pods-MySwiftUITests.release.xcconfig */,
			);
			name = Pods;
			sourceTree = "<group>";
		};
		E99D828DB87B0B7BF390BFE1 /* Frameworks */ = {
			isa = PBXGroup;
			children = (
				EE17F8F322545FB6006DD3AF /* SVProgressHUD.framework */,
				C91F186E509E6602DA1237CE /* Pods_MySwift.framework */,
				0BD1960DB9B4A1522E753BAD /* Pods_MySwiftTests.framework */,
				0D5F2BF36CF72D049478866D /* Pods_MySwiftUITests.framework */,
			);
			name = Frameworks;
			sourceTree = "<group>";
		};
		EE203DDB2253142000D5E900 /* TTAlamo */ = {
			isa = PBXGroup;
			children = (
				EE203DDC225314D700D5E900 /* TTAlamoNetWorkTool.swift */,
			);
			path = TTAlamo;
			sourceTree = "<group>";
		};
		EE203DDE225335B000D5E900 /* Util */ = {
			isa = PBXGroup;
			children = (
				EE203DDF225335CA00D5E900 /* TTUtil.swift */,
			);
			path = Util;
			sourceTree = "<group>";
		};
		EE31EB15224A27CB00F9F5BF = {
			isa = PBXGroup;
			children = (
				EE31EB20224A27CB00F9F5BF /* MySwift */,
				EE31EB35224A27CD00F9F5BF /* MySwiftTests */,
				EE31EB40224A27CD00F9F5BF /* MySwiftUITests */,
				EE31EB1F224A27CB00F9F5BF /* Products */,
				AEE4530193A26B2A561AFC59 /* Pods */,
				E99D828DB87B0B7BF390BFE1 /* Frameworks */,
			);
			sourceTree = "<group>";
		};
		EE31EB1F224A27CB00F9F5BF /* Products */ = {
			isa = PBXGroup;
			children = (
				EE31EB1E224A27CB00F9F5BF /* MySwift.app */,
				EE31EB32224A27CD00F9F5BF /* MySwiftTests.xctest */,
				EE31EB3D224A27CD00F9F5BF /* MySwiftUITests.xctest */,
			);
			name = Products;
			sourceTree = "<group>";
		};
		EE31EB20224A27CB00F9F5BF /* MySwift */ = {
			isa = PBXGroup;
			children = (
				EE17F8F222545E46006DD3AF /* MySwift-Bridging-Header.h */,
				EE31EB53224A29BC00F9F5BF /* Tools */,
				EE31EB52224A29B500F9F5BF /* Images */,
				EE31EB51224A29AC00F9F5BF /* Classes */,
				EE31EB50224A29A500F9F5BF /* BaseView */,
				EE31EB4F224A299D00F9F5BF /* AppDelegate */,
				EE31EB25224A27CB00F9F5BF /* Main.storyboard */,
				EE31EB28224A27CD00F9F5BF /* Assets.xcassets */,
				EE31EB2A224A27CD00F9F5BF /* LaunchScreen.storyboard */,
				EE31EB2D224A27CD00F9F5BF /* Info.plist */,
			);
			path = MySwift;
			sourceTree = "<group>";
		};
		EE31EB35224A27CD00F9F5BF /* MySwiftTests */ = {
			isa = PBXGroup;
			children = (
				EE31EB36224A27CD00F9F5BF /* MySwiftTests.swift */,
				EE31EB38224A27CD00F9F5BF /* Info.plist */,
			);
			path = MySwiftTests;
			sourceTree = "<group>";
		};
		EE31EB40224A27CD00F9F5BF /* MySwiftUITests */ = {
			isa = PBXGroup;
			children = (
				EE31EB41224A27CD00F9F5BF /* MySwiftUITests.swift */,
				EE31EB43224A27CD00F9F5BF /* Info.plist */,
			);
			path = MySwiftUITests;
			sourceTree = "<group>";
		};
		EE31EB4F224A299D00F9F5BF /* AppDelegate */ = {
			isa = PBXGroup;
			children = (
				EE31EB21224A27CB00F9F5BF /* AppDelegate.swift */,
				EE60988D224CAE0600F85530 /* PrefixFile.swift */,
			);
			path = AppDelegate;
			sourceTree = "<group>";
		};
		EE31EB50224A29A500F9F5BF /* BaseView */ = {
			isa = PBXGroup;
			children = (
				EE60987D224C967100F85530 /* BaseViewController.swift */,
				EE60987F224C970B00F85530 /* BaseBarViewController.swift */,
				EE60989E224CDBB600F85530 /* BaseNavViewController.swift */,
				EE8C2037224E0FB900885893 /* GuidepagesViewController.swift */,
			);
			path = BaseView;
			sourceTree = "<group>";
		};
		EE31EB51224A29AC00F9F5BF /* Classes */ = {
			isa = PBXGroup;
			children = (
				EE609889224CACC900F85530 /* My */,
				EE609885224CACC400F85530 /* Find */,
				EE609881224CACBF00F85530 /* MailList */,
				EE31EB54224A2A1100F9F5BF /* Home */,
			);
			path = Classes;
			sourceTree = "<group>";
		};
		EE31EB52224A29B500F9F5BF /* Images */ = {
			isa = PBXGroup;
			children = (
			);
			path = Images;
			sourceTree = "<group>";
		};
		EE31EB53224A29BC00F9F5BF /* Tools */ = {
			isa = PBXGroup;
			children = (
				EE5F4AFE226738F0004F2F8D /* Animate */,
				EE203DDE225335B000D5E900 /* Util */,
				EE203DDB2253142000D5E900 /* TTAlamo */,
			);
			path = Tools;
			sourceTree = "<group>";
		};
		EE31EB54224A2A1100F9F5BF /* Home */ = {
			isa = PBXGroup;
			children = (
				EE31EB55224A2A1100F9F5BF /* Controller */,
				EE31EB56224A2A1100F9F5BF /* Model */,
				EE31EB57224A2A1100F9F5BF /* View */,
			);
			path = Home;
			sourceTree = "<group>";
		};
		EE31EB55224A2A1100F9F5BF /* Controller */ = {
			isa = PBXGroup;
			children = (
				EE609895224CB95500F85530 /* HomeController.swift */,
				EEDC032522521D25002771D4 /* DetailController.swift */,
			);
			path = Controller;
			sourceTree = "<group>";
		};
		EE31EB56224A2A1100F9F5BF /* Model */ = {
			isa = PBXGroup;
			children = (
				EEDC032322520D59002771D4 /* HomeModel.swift */,
			);
			path = Model;
			sourceTree = "<group>";
		};
		EE31EB57224A2A1100F9F5BF /* View */ = {
			isa = PBXGroup;
			children = (
				EEDC03212252011B002771D4 /* HomeCell.swift */,
			);
			path = View;
			sourceTree = "<group>";
		};
		EE5F4AFE226738F0004F2F8D /* Animate */ = {
			isa = PBXGroup;
			children = (
				EE5F4AFF22673911004F2F8D /* HomeAnimation.swift */,
			);
			path = Animate;
			sourceTree = "<group>";
		};
		EE609881224CACBF00F85530 /* MailList */ = {
			isa = PBXGroup;
			children = (
				EE609882224CACBF00F85530 /* Controller */,
				EE609883224CACBF00F85530 /* Model */,
				EE609884224CACBF00F85530 /* View */,
			);
			path = MailList;
			sourceTree = "<group>";
		};
		EE609882224CACBF00F85530 /* Controller */ = {
			isa = PBXGroup;
			children = (
				EE609897224CB96B00F85530 /* MailListController.swift */,
			);
			path = Controller;
			sourceTree = "<group>";
		};
		EE609883224CACBF00F85530 /* Model */ = {
			isa = PBXGroup;
			children = (
			);
			path = Model;
			sourceTree = "<group>";
		};
		EE609884224CACBF00F85530 /* View */ = {
			isa = PBXGroup;
			children = (
			);
			path = View;
			sourceTree = "<group>";
		};
		EE609885224CACC400F85530 /* Find */ = {
			isa = PBXGroup;
			children = (
				EE609886224CACC400F85530 /* Controller */,
				EE609887224CACC400F85530 /* Model */,
				EE609888224CACC400F85530 /* View */,
			);
			path = Find;
			sourceTree = "<group>";
		};
		EE609886224CACC400F85530 /* Controller */ = {
			isa = PBXGroup;
			children = (
				EE609899224CB97A00F85530 /* FindController.swift */,
				EE5F4AFA22671633004F2F8D /* ImageDetailController.swift */,
			);
			path = Controller;
			sourceTree = "<group>";
		};
		EE609887224CACC400F85530 /* Model */ = {
			isa = PBXGroup;
			children = (
			);
			path = Model;
			sourceTree = "<group>";
		};
		EE609888224CACC400F85530 /* View */ = {
			isa = PBXGroup;
			children = (
				EE5F4AF82266C772004F2F8D /* ImageCollectionViewCell.swift */,
				EE5F4AFC22671911004F2F8D /* ImageDetailCell.swift */,
			);
			path = View;
			sourceTree = "<group>";
		};
		EE609889224CACC900F85530 /* My */ = {
			isa = PBXGroup;
			children = (
				EE60988A224CACC900F85530 /* Controller */,
				EE60988B224CACC900F85530 /* Model */,
				EE60988C224CACC900F85530 /* View */,
			);
			path = My;
			sourceTree = "<group>";
		};
		EE60988A224CACC900F85530 /* Controller */ = {
			isa = PBXGroup;
			children = (
				EE60989B224CB98600F85530 /* MyController.swift */,
			);
			path = Controller;
			sourceTree = "<group>";
		};
		EE60988B224CACC900F85530 /* Model */ = {
			isa = PBXGroup;
			children = (
				EE1ABA6C225F236B00233854 /* StudentClass.swift */,
			);
			path = Model;
			sourceTree = "<group>";
		};
		EE60988C224CACC900F85530 /* View */ = {
			isa = PBXGroup;
			children = (
				EE8E58E52265BBDA009BF2E4 /* Person.h */,
				EE8E58E62265BBDA009BF2E4 /* Person.m */,
				EE8E58E82265BE7A009BF2E4 /* Cat.h */,
				EE8E58E92265BE7A009BF2E4 /* Cat.m */,
			);
			path = View;
			sourceTree = "<group>";
		};
/* End PBXGroup section */

/* Begin PBXNativeTarget section */
		EE31EB1D224A27CB00F9F5BF /* MySwift */ = {
			isa = PBXNativeTarget;
			buildConfigurationList = EE31EB46224A27CD00F9F5BF /* Build configuration list for PBXNativeTarget "MySwift" */;
			buildPhases = (
				AD094E2E4A46CE79060BE592 /* [CP] Check Pods Manifest.lock */,
				EE31EB1A224A27CB00F9F5BF /* Sources */,
				EE31EB1B224A27CB00F9F5BF /* Frameworks */,
				EE31EB1C224A27CB00F9F5BF /* Resources */,
				EE31EB5B224A2F0F00F9F5BF /* Embed Frameworks */,
				235C914763E9BD7B400FBB3D /* [CP] Embed Pods Frameworks */,
				BDDE3E8BC35CE5DB8CD1865E /* [CP] Copy Pods Resources */,
			);
			buildRules = (
			);
			dependencies = (
			);
			name = MySwift;
			productName = MySwift;
			productReference = EE31EB1E224A27CB00F9F5BF /* MySwift.app */;
			productType = "com.apple.product-type.application";
		};
		EE31EB31224A27CD00F9F5BF /* MySwiftTests */ = {
			isa = PBXNativeTarget;
			buildConfigurationList = EE31EB49224A27CD00F9F5BF /* Build configuration list for PBXNativeTarget "MySwiftTests" */;
			buildPhases = (
				35594F5D0D0D8F76D0846BFF /* [CP] Check Pods Manifest.lock */,
				EE31EB2E224A27CD00F9F5BF /* Sources */,
				EE31EB2F224A27CD00F9F5BF /* Frameworks */,
				EE31EB30224A27CD00F9F5BF /* Resources */,
			);
			buildRules = (
			);
			dependencies = (
				EE31EB34224A27CD00F9F5BF /* PBXTargetDependency */,
			);
			name = MySwiftTests;
			productName = MySwiftTests;
			productReference = EE31EB32224A27CD00F9F5BF /* MySwiftTests.xctest */;
			productType = "com.apple.product-type.bundle.unit-test";
		};
		EE31EB3C224A27CD00F9F5BF /* MySwiftUITests */ = {
			isa = PBXNativeTarget;
			buildConfigurationList = EE31EB4C224A27CD00F9F5BF /* Build configuration list for PBXNativeTarget "MySwiftUITests" */;
			buildPhases = (
				0BDE73695DBD6AF270D47091 /* [CP] Check Pods Manifest.lock */,
				EE31EB39224A27CD00F9F5BF /* Sources */,
				EE31EB3A224A27CD00F9F5BF /* Frameworks */,
				EE31EB3B224A27CD00F9F5BF /* Resources */,
			);
			buildRules = (
			);
			dependencies = (
				EE31EB3F224A27CD00F9F5BF /* PBXTargetDependency */,
			);
			name = MySwiftUITests;
			productName = MySwiftUITests;
			productReference = EE31EB3D224A27CD00F9F5BF /* MySwiftUITests.xctest */;
			productType = "com.apple.product-type.bundle.ui-testing";
		};
/* End PBXNativeTarget section */

/* Begin PBXProject section */
		EE31EB16224A27CB00F9F5BF /* Project object */ = {
			isa = PBXProject;
			attributes = {
				LastSwiftUpdateCheck = 1010;
				LastUpgradeCheck = 1010;
				ORGANIZATIONNAME = yinhe;
				TargetAttributes = {
					EE31EB1D224A27CB00F9F5BF = {
						CreatedOnToolsVersion = 10.1;
					};
					EE31EB31224A27CD00F9F5BF = {
						CreatedOnToolsVersion = 10.1;
						TestTargetID = EE31EB1D224A27CB00F9F5BF;
					};
					EE31EB3C224A27CD00F9F5BF = {
						CreatedOnToolsVersion = 10.1;
						TestTargetID = EE31EB1D224A27CB00F9F5BF;
					};
				};
			};
			buildConfigurationList = EE31EB19224A27CB00F9F5BF /* Build configuration list for PBXProject "MySwift" */;
			compatibilityVersion = "Xcode 9.3";
			developmentRegion = en;
			hasScannedForEncodings = 0;
			knownRegions = (
				en,
				Base,
			);
			mainGroup = EE31EB15224A27CB00F9F5BF;
			productRefGroup = EE31EB1F224A27CB00F9F5BF /* Products */;
			projectDirPath = "";
			projectRoot = "";
			targets = (
				EE31EB1D224A27CB00F9F5BF /* MySwift */,
				EE31EB31224A27CD00F9F5BF /* MySwiftTests */,
				EE31EB3C224A27CD00F9F5BF /* MySwiftUITests */,
			);
		};
/* End PBXProject section */

/* Begin PBXResourcesBuildPhase section */
		EE31EB1C224A27CB00F9F5BF /* Resources */ = {
			isa = PBXResourcesBuildPhase;
			buildActionMask = 2147483647;
			files = (
				EE31EB2C224A27CD00F9F5BF /* LaunchScreen.storyboard in Resources */,
				EE31EB29224A27CD00F9F5BF /* Assets.xcassets in Resources */,
				EE31EB27224A27CB00F9F5BF /* Main.storyboard in Resources */,
			);
			runOnlyForDeploymentPostprocessing = 0;
		};
		EE31EB30224A27CD00F9F5BF /* Resources */ = {
			isa = PBXResourcesBuildPhase;
			buildActionMask = 2147483647;
			files = (
			);
			runOnlyForDeploymentPostprocessing = 0;
		};
		EE31EB3B224A27CD00F9F5BF /* Resources */ = {
			isa = PBXResourcesBuildPhase;
			buildActionMask = 2147483647;
			files = (
			);
			runOnlyForDeploymentPostprocessing = 0;
		};
/* End PBXResourcesBuildPhase section */

/* Begin PBXShellScriptBuildPhase section */
		0BDE73695DBD6AF270D47091 /* [CP] Check Pods Manifest.lock */ = {
			isa = PBXShellScriptBuildPhase;
			buildActionMask = 2147483647;
			files = (
			);
			inputFileListPaths = (
			);
			inputPaths = (
				"${PODS_PODFILE_DIR_PATH}/Podfile.lock",
				"${PODS_ROOT}/Manifest.lock",
			);
			name = "[CP] Check Pods Manifest.lock";
			outputFileListPaths = (
			);
			outputPaths = (
				"$(DERIVED_FILE_DIR)/Pods-MySwiftUITests-checkManifestLockResult.txt",
			);
			runOnlyForDeploymentPostprocessing = 0;
			shellPath = /bin/sh;
			shellScript = "diff \"${PODS_PODFILE_DIR_PATH}/Podfile.lock\" \"${PODS_ROOT}/Manifest.lock\" > /dev/null\nif [ $? != 0 ] ; then\n    # print error to STDERR\n    echo \"error: The sandbox is not in sync with the Podfile.lock. Run 'pod install' or update your CocoaPods installation.\" >&2\n    exit 1\nfi\n# This output is used by Xcode 'outputs' to avoid re-running this script phase.\necho \"SUCCESS\" > \"${SCRIPT_OUTPUT_FILE_0}\"\n";
			showEnvVarsInLog = 0;
		};
		235C914763E9BD7B400FBB3D /* [CP] Embed Pods Frameworks */ = {
			isa = PBXShellScriptBuildPhase;
			buildActionMask = 2147483647;
			files = (
			);
			inputFileListPaths = (
			);
			inputPaths = (
				"${SRCROOT}/Pods/Target Support Files/Pods-MySwift/Pods-MySwift-frameworks.sh",
				"${BUILT_PRODUCTS_DIR}/Alamofire/Alamofire.framework",
				"${BUILT_PRODUCTS_DIR}/HandyJSON/HandyJSON.framework",
				"${BUILT_PRODUCTS_DIR}/Kingfisher/Kingfisher.framework",
				"${BUILT_PRODUCTS_DIR}/LLCycleScrollView/LLCycleScrollView.framework",
				"${BUILT_PRODUCTS_DIR}/SDWebImage/SDWebImage.framework",
				"${BUILT_PRODUCTS_DIR}/SVProgressHUD/SVProgressHUD.framework",
				"${BUILT_PRODUCTS_DIR}/SnapKit/SnapKit.framework",
				"${BUILT_PRODUCTS_DIR}/SwiftyJSON/SwiftyJSON.framework",
				"${BUILT_PRODUCTS_DIR}/WebViewJavascriptBridge/WebViewJavascriptBridge.framework",
			);
			name = "[CP] Embed Pods Frameworks";
			outputFileListPaths = (
			);
			outputPaths = (
				"${TARGET_BUILD_DIR}/${FRAMEWORKS_FOLDER_PATH}/Alamofire.framework",
				"${TARGET_BUILD_DIR}/${FRAMEWORKS_FOLDER_PATH}/HandyJSON.framework",
				"${TARGET_BUILD_DIR}/${FRAMEWORKS_FOLDER_PATH}/Kingfisher.framework",
				"${TARGET_BUILD_DIR}/${FRAMEWORKS_FOLDER_PATH}/LLCycleScrollView.framework",
				"${TARGET_BUILD_DIR}/${FRAMEWORKS_FOLDER_PATH}/SDWebImage.framework",
				"${TARGET_BUILD_DIR}/${FRAMEWORKS_FOLDER_PATH}/SVProgressHUD.framework",
				"${TARGET_BUILD_DIR}/${FRAMEWORKS_FOLDER_PATH}/SnapKit.framework",
				"${TARGET_BUILD_DIR}/${FRAMEWORKS_FOLDER_PATH}/SwiftyJSON.framework",
				"${TARGET_BUILD_DIR}/${FRAMEWORKS_FOLDER_PATH}/WebViewJavascriptBridge.framework",
			);
			runOnlyForDeploymentPostprocessing = 0;
			shellPath = /bin/sh;
			shellScript = "\"${SRCROOT}/Pods/Target Support Files/Pods-MySwift/Pods-MySwift-frameworks.sh\"\n";
			showEnvVarsInLog = 0;
		};
		35594F5D0D0D8F76D0846BFF /* [CP] Check Pods Manifest.lock */ = {
			isa = PBXShellScriptBuildPhase;
			buildActionMask = 2147483647;
			files = (
			);
			inputFileListPaths = (
			);
			inputPaths = (
				"${PODS_PODFILE_DIR_PATH}/Podfile.lock",
				"${PODS_ROOT}/Manifest.lock",
			);
			name = "[CP] Check Pods Manifest.lock";
			outputFileListPaths = (
			);
			outputPaths = (
				"$(DERIVED_FILE_DIR)/Pods-MySwiftTests-checkManifestLockResult.txt",
			);
			runOnlyForDeploymentPostprocessing = 0;
			shellPath = /bin/sh;
			shellScript = "diff \"${PODS_PODFILE_DIR_PATH}/Podfile.lock\" \"${PODS_ROOT}/Manifest.lock\" > /dev/null\nif [ $? != 0 ] ; then\n    # print error to STDERR\n    echo \"error: The sandbox is not in sync with the Podfile.lock. Run 'pod install' or update your CocoaPods installation.\" >&2\n    exit 1\nfi\n# This output is used by Xcode 'outputs' to avoid re-running this script phase.\necho \"SUCCESS\" > \"${SCRIPT_OUTPUT_FILE_0}\"\n";
			showEnvVarsInLog = 0;
		};
		AD094E2E4A46CE79060BE592 /* [CP] Check Pods Manifest.lock */ = {
			isa = PBXShellScriptBuildPhase;
			buildActionMask = 2147483647;
			files = (
			);
			inputFileListPaths = (
			);
			inputPaths = (
				"${PODS_PODFILE_DIR_PATH}/Podfile.lock",
				"${PODS_ROOT}/Manifest.lock",
			);
			name = "[CP] Check Pods Manifest.lock";
			outputFileListPaths = (
			);
			outputPaths = (
				"$(DERIVED_FILE_DIR)/Pods-MySwift-checkManifestLockResult.txt",
			);
			runOnlyForDeploymentPostprocessing = 0;
			shellPath = /bin/sh;
			shellScript = "diff \"${PODS_PODFILE_DIR_PATH}/Podfile.lock\" \"${PODS_ROOT}/Manifest.lock\" > /dev/null\nif [ $? != 0 ] ; then\n    # print error to STDERR\n    echo \"error: The sandbox is not in sync with the Podfile.lock. Run 'pod install' or update your CocoaPods installation.\" >&2\n    exit 1\nfi\n# This output is used by Xcode 'outputs' to avoid re-running this script phase.\necho \"SUCCESS\" > \"${SCRIPT_OUTPUT_FILE_0}\"\n";
			showEnvVarsInLog = 0;
		};
		BDDE3E8BC35CE5DB8CD1865E /* [CP] Copy Pods Resources */ = {
			isa = PBXShellScriptBuildPhase;
			buildActionMask = 2147483647;
			files = (
			);
			inputFileListPaths = (
			);
			inputPaths = (
				"${SRCROOT}/Pods/Target Support Files/Pods-MySwift/Pods-MySwift-resources.sh",
				"${PODS_ROOT}/UMCShare/UMShare/UMSocialUI/UMSocialSDKResources.bundle",
			);
			name = "[CP] Copy Pods Resources";
			outputFileListPaths = (
			);
			outputPaths = (
				"${TARGET_BUILD_DIR}/${UNLOCALIZED_RESOURCES_FOLDER_PATH}/UMSocialSDKResources.bundle",
			);
			runOnlyForDeploymentPostprocessing = 0;
			shellPath = /bin/sh;
			shellScript = "\"${SRCROOT}/Pods/Target Support Files/Pods-MySwift/Pods-MySwift-resources.sh\"\n";
			showEnvVarsInLog = 0;
		};
/* End PBXShellScriptBuildPhase section */

/* Begin PBXSourcesBuildPhase section */
		EE31EB1A224A27CB00F9F5BF /* Sources */ = {
			isa = PBXSourcesBuildPhase;
			buildActionMask = 2147483647;
			files = (
				EE5F4AFB22671633004F2F8D /* ImageDetailController.swift in Sources */,
				EE8C2038224E0FB900885893 /* GuidepagesViewController.swift in Sources */,
				EE609880224C970B00F85530 /* BaseBarViewController.swift in Sources */,
				EE31EB22224A27CB00F9F5BF /* AppDelegate.swift in Sources */,
				EEDC03222252011B002771D4 /* HomeCell.swift in Sources */,
				EE8E58E72265BBDA009BF2E4 /* Person.m in Sources */,
				EE60989F224CDBB600F85530 /* BaseNavViewController.swift in Sources */,
				EE609898224CB96B00F85530 /* MailListController.swift in Sources */,
				EE60989A224CB97A00F85530 /* FindController.swift in Sources */,
				EE203DDD225314D700D5E900 /* TTAlamoNetWorkTool.swift in Sources */,
				EE60987E224C967100F85530 /* BaseViewController.swift in Sources */,
				EE203DE0225335CA00D5E900 /* TTUtil.swift in Sources */,
				EE1ABA6D225F236B00233854 /* StudentClass.swift in Sources */,
				EE5F4B0022673911004F2F8D /* HomeAnimation.swift in Sources */,
				EE8E58EA2265BE7A009BF2E4 /* Cat.m in Sources */,
				EEDC032622521D25002771D4 /* DetailController.swift in Sources */,
				EEDC032422520D59002771D4 /* HomeModel.swift in Sources */,
				EE60988E224CAE0600F85530 /* PrefixFile.swift in Sources */,
				EE5F4AFD22671911004F2F8D /* ImageDetailCell.swift in Sources */,
				EE609896224CB95500F85530 /* HomeController.swift in Sources */,
				EE60989C224CB98600F85530 /* MyController.swift in Sources */,
				EE5F4AF92266C772004F2F8D /* ImageCollectionViewCell.swift in Sources */,
			);
			runOnlyForDeploymentPostprocessing = 0;
		};
		EE31EB2E224A27CD00F9F5BF /* Sources */ = {
			isa = PBXSourcesBuildPhase;
			buildActionMask = 2147483647;
			files = (
				EE31EB37224A27CD00F9F5BF /* MySwiftTests.swift in Sources */,
			);
			runOnlyForDeploymentPostprocessing = 0;
		};
		EE31EB39224A27CD00F9F5BF /* Sources */ = {
			isa = PBXSourcesBuildPhase;
			buildActionMask = 2147483647;
			files = (
				EE31EB42224A27CD00F9F5BF /* MySwiftUITests.swift in Sources */,
			);
			runOnlyForDeploymentPostprocessing = 0;
		};
/* End PBXSourcesBuildPhase section */

/* Begin PBXTargetDependency section */
		EE31EB34224A27CD00F9F5BF /* PBXTargetDependency */ = {
			isa = PBXTargetDependency;
			target = EE31EB1D224A27CB00F9F5BF /* MySwift */;
			targetProxy = EE31EB33224A27CD00F9F5BF /* PBXContainerItemProxy */;
		};
		EE31EB3F224A27CD00F9F5BF /* PBXTargetDependency */ = {
			isa = PBXTargetDependency;
			target = EE31EB1D224A27CB00F9F5BF /* MySwift */;
			targetProxy = EE31EB3E224A27CD00F9F5BF /* PBXContainerItemProxy */;
		};
/* End PBXTargetDependency section */

/* Begin PBXVariantGroup section */
		EE31EB25224A27CB00F9F5BF /* Main.storyboard */ = {
			isa = PBXVariantGroup;
			children = (
				EE31EB26224A27CB00F9F5BF /* Base */,
			);
			name = Main.storyboard;
			sourceTree = "<group>";
		};
		EE31EB2A224A27CD00F9F5BF /* LaunchScreen.storyboard */ = {
			isa = PBXVariantGroup;
			children = (
				EE31EB2B224A27CD00F9F5BF /* Base */,
			);
			name = LaunchScreen.storyboard;
			sourceTree = "<group>";
		};
/* End PBXVariantGroup section */

/* Begin XCBuildConfiguration section */
		EE31EB44224A27CD00F9F5BF /* Debug */ = {
			isa = XCBuildConfiguration;
			buildSettings = {
				ALWAYS_SEARCH_USER_PATHS = NO;
				CLANG_ANALYZER_NONNULL = YES;
				CLANG_ANALYZER_NUMBER_OBJECT_CONVERSION = YES_AGGRESSIVE;
				CLANG_CXX_LANGUAGE_STANDARD = "gnu++14";
				CLANG_CXX_LIBRARY = "libc++";
				CLANG_ENABLE_MODULES = YES;
				CLANG_ENABLE_OBJC_ARC = YES;
				CLANG_ENABLE_OBJC_WEAK = YES;
				CLANG_WARN_BLOCK_CAPTURE_AUTORELEASING = YES;
				CLANG_WARN_BOOL_CONVERSION = YES;
				CLANG_WARN_COMMA = YES;
				CLANG_WARN_CONSTANT_CONVERSION = YES;
				CLANG_WARN_DEPRECATED_OBJC_IMPLEMENTATIONS = YES;
				CLANG_WARN_DIRECT_OBJC_ISA_USAGE = YES_ERROR;
				CLANG_WARN_DOCUMENTATION_COMMENTS = YES;
				CLANG_WARN_EMPTY_BODY = YES;
				CLANG_WARN_ENUM_CONVERSION = YES;
				CLANG_WARN_INFINITE_RECURSION = YES;
				CLANG_WARN_INT_CONVERSION = YES;
				CLANG_WARN_NON_LITERAL_NULL_CONVERSION = YES;
				CLANG_WARN_OBJC_IMPLICIT_RETAIN_SELF = YES;
				CLANG_WARN_OBJC_LITERAL_CONVERSION = YES;
				CLANG_WARN_OBJC_ROOT_CLASS = YES_ERROR;
				CLANG_WARN_RANGE_LOOP_ANALYSIS = YES;
				CLANG_WARN_STRICT_PROTOTYPES = YES;
				CLANG_WARN_SUSPICIOUS_MOVE = YES;
				CLANG_WARN_UNGUARDED_AVAILABILITY = YES_AGGRESSIVE;
				CLANG_WARN_UNREACHABLE_CODE = YES;
				CLANG_WARN__DUPLICATE_METHOD_MATCH = YES;
				CODE_SIGN_IDENTITY = "iPhone Developer";
				COPY_PHASE_STRIP = NO;
				DEBUG_INFORMATION_FORMAT = dwarf;
				ENABLE_STRICT_OBJC_MSGSEND = YES;
				ENABLE_TESTABILITY = YES;
				GCC_C_LANGUAGE_STANDARD = gnu11;
				GCC_DYNAMIC_NO_PIC = NO;
				GCC_NO_COMMON_BLOCKS = YES;
				GCC_OPTIMIZATION_LEVEL = 0;
				GCC_PREPROCESSOR_DEFINITIONS = (
					"DEBUG=1",
					"$(inherited)",
				);
				GCC_WARN_64_TO_32_BIT_CONVERSION = YES;
				GCC_WARN_ABOUT_RETURN_TYPE = YES_ERROR;
				GCC_WARN_UNDECLARED_SELECTOR = YES;
				GCC_WARN_UNINITIALIZED_AUTOS = YES_AGGRESSIVE;
				GCC_WARN_UNUSED_FUNCTION = YES;
				GCC_WARN_UNUSED_VARIABLE = YES;
				IPHONEOS_DEPLOYMENT_TARGET = 12.1;
				MTL_ENABLE_DEBUG_INFO = INCLUDE_SOURCE;
				MTL_FAST_MATH = YES;
				ONLY_ACTIVE_ARCH = YES;
				SDKROOT = iphoneos;
				SWIFT_ACTIVE_COMPILATION_CONDITIONS = DEBUG;
				SWIFT_OPTIMIZATION_LEVEL = "-Onone";
			};
			name = Debug;
		};
		EE31EB45224A27CD00F9F5BF /* Release */ = {
			isa = XCBuildConfiguration;
			buildSettings = {
				ALWAYS_SEARCH_USER_PATHS = NO;
				CLANG_ANALYZER_NONNULL = YES;
				CLANG_ANALYZER_NUMBER_OBJECT_CONVERSION = YES_AGGRESSIVE;
				CLANG_CXX_LANGUAGE_STANDARD = "gnu++14";
				CLANG_CXX_LIBRARY = "libc++";
				CLANG_ENABLE_MODULES = YES;
				CLANG_ENABLE_OBJC_ARC = YES;
				CLANG_ENABLE_OBJC_WEAK = YES;
				CLANG_WARN_BLOCK_CAPTURE_AUTORELEASING = YES;
				CLANG_WARN_BOOL_CONVERSION = YES;
				CLANG_WARN_COMMA = YES;
				CLANG_WARN_CONSTANT_CONVERSION = YES;
				CLANG_WARN_DEPRECATED_OBJC_IMPLEMENTATIONS = YES;
				CLANG_WARN_DIRECT_OBJC_ISA_USAGE = YES_ERROR;
				CLANG_WARN_DOCUMENTATION_COMMENTS = YES;
				CLANG_WARN_EMPTY_BODY = YES;
				CLANG_WARN_ENUM_CONVERSION = YES;
				CLANG_WARN_INFINITE_RECURSION = YES;
				CLANG_WARN_INT_CONVERSION = YES;
				CLANG_WARN_NON_LITERAL_NULL_CONVERSION = YES;
				CLANG_WARN_OBJC_IMPLICIT_RETAIN_SELF = YES;
				CLANG_WARN_OBJC_LITERAL_CONVERSION = YES;
				CLANG_WARN_OBJC_ROOT_CLASS = YES_ERROR;
				CLANG_WARN_RANGE_LOOP_ANALYSIS = YES;
				CLANG_WARN_STRICT_PROTOTYPES = YES;
				CLANG_WARN_SUSPICIOUS_MOVE = YES;
				CLANG_WARN_UNGUARDED_AVAILABILITY = YES_AGGRESSIVE;
				CLANG_WARN_UNREACHABLE_CODE = YES;
				CLANG_WARN__DUPLICATE_METHOD_MATCH = YES;
				CODE_SIGN_IDENTITY = "iPhone Developer";
				COPY_PHASE_STRIP = NO;
				DEBUG_INFORMATION_FORMAT = "dwarf-with-dsym";
				ENABLE_NS_ASSERTIONS = NO;
				ENABLE_STRICT_OBJC_MSGSEND = YES;
				GCC_C_LANGUAGE_STANDARD = gnu11;
				GCC_NO_COMMON_BLOCKS = YES;
				GCC_WARN_64_TO_32_BIT_CONVERSION = YES;
				GCC_WARN_ABOUT_RETURN_TYPE = YES_ERROR;
				GCC_WARN_UNDECLARED_SELECTOR = YES;
				GCC_WARN_UNINITIALIZED_AUTOS = YES_AGGRESSIVE;
				GCC_WARN_UNUSED_FUNCTION = YES;
				GCC_WARN_UNUSED_VARIABLE = YES;
				IPHONEOS_DEPLOYMENT_TARGET = 12.1;
				MTL_ENABLE_DEBUG_INFO = NO;
				MTL_FAST_MATH = YES;
				SDKROOT = iphoneos;
				SWIFT_COMPILATION_MODE = wholemodule;
				SWIFT_OPTIMIZATION_LEVEL = "-O";
				VALIDATE_PRODUCT = YES;
			};
			name = Release;
		};
		EE31EB47224A27CD00F9F5BF /* Debug */ = {
			isa = XCBuildConfiguration;
			baseConfigurationReference = ECFAAF2D33B154001F14F60E /* Pods-MySwift.debug.xcconfig */;
			buildSettings = {
				ASSETCATALOG_COMPILER_APPICON_NAME = AppIcon;
				CODE_SIGN_STYLE = Automatic;
				DEVELOPMENT_TEAM = 9Z6V628XF8;
				INFOPLIST_FILE = MySwift/Info.plist;
				IPHONEOS_DEPLOYMENT_TARGET = 9.0;
				LD_RUNPATH_SEARCH_PATHS = (
					"$(inherited)",
					"@executable_path/Frameworks",
				);
				PRODUCT_BUNDLE_IDENTIFIER = com.cloudkitchen.mobile.MySwift;
				PRODUCT_NAME = "$(TARGET_NAME)";
				SWIFT_OBJC_BRIDGING_HEADER = "$(SRCROOT)/MySwift/MySwift-Bridging-Header.h";
				SWIFT_VERSION = 4.2;
				TARGETED_DEVICE_FAMILY = "1,2";
				USER_HEADER_SEARCH_PATHS = "$(SRCROOT)/Pods/SVProgressHUD";
			};
			name = Debug;
		};
		EE31EB48224A27CD00F9F5BF /* Release */ = {
			isa = XCBuildConfiguration;
			baseConfigurationReference = D04EC71D0B8AD268E9B38221 /* Pods-MySwift.release.xcconfig */;
			buildSettings = {
				ASSETCATALOG_COMPILER_APPICON_NAME = AppIcon;
				CODE_SIGN_STYLE = Automatic;
				DEVELOPMENT_TEAM = 9Z6V628XF8;
				INFOPLIST_FILE = MySwift/Info.plist;
				IPHONEOS_DEPLOYMENT_TARGET = 9.0;
				LD_RUNPATH_SEARCH_PATHS = (
					"$(inherited)",
					"@executable_path/Frameworks",
				);
				PRODUCT_BUNDLE_IDENTIFIER = com.cloudkitchen.mobile.MySwift;
				PRODUCT_NAME = "$(TARGET_NAME)";
				SWIFT_OBJC_BRIDGING_HEADER = "$(SRCROOT)/MySwift/MySwift-Bridging-Header.h";
				SWIFT_VERSION = 4.2;
				TARGETED_DEVICE_FAMILY = "1,2";
				USER_HEADER_SEARCH_PATHS = "$(SRCROOT)/Pods/SVProgressHUD";
			};
			name = Release;
		};
		EE31EB4A224A27CD00F9F5BF /* Debug */ = {
			isa = XCBuildConfiguration;
			baseConfigurationReference = 262D315ED474909EC37F84DA /* Pods-MySwiftTests.debug.xcconfig */;
			buildSettings = {
				ALWAYS_EMBED_SWIFT_STANDARD_LIBRARIES = YES;
				BUNDLE_LOADER = "$(TEST_HOST)";
				CODE_SIGN_STYLE = Automatic;
				DEVELOPMENT_TEAM = 9Z6V628XF8;
				INFOPLIST_FILE = MySwiftTests/Info.plist;
				LD_RUNPATH_SEARCH_PATHS = (
					"$(inherited)",
					"@executable_path/Frameworks",
					"@loader_path/Frameworks",
				);
				PRODUCT_BUNDLE_IDENTIFIER = com.cloudkitchen.mobile.MySwiftTests;
				PRODUCT_NAME = "$(TARGET_NAME)";
				SWIFT_VERSION = 4.2;
				TARGETED_DEVICE_FAMILY = "1,2";
				TEST_HOST = "$(BUILT_PRODUCTS_DIR)/MySwift.app/MySwift";
			};
			name = Debug;
		};
		EE31EB4B224A27CD00F9F5BF /* Release */ = {
			isa = XCBuildConfiguration;
			baseConfigurationReference = E1CE0E15B8729FE7982409F6 /* Pods-MySwiftTests.release.xcconfig */;
			buildSettings = {
				ALWAYS_EMBED_SWIFT_STANDARD_LIBRARIES = YES;
				BUNDLE_LOADER = "$(TEST_HOST)";
				CODE_SIGN_STYLE = Automatic;
				DEVELOPMENT_TEAM = 9Z6V628XF8;
				INFOPLIST_FILE = MySwiftTests/Info.plist;
				LD_RUNPATH_SEARCH_PATHS = (
					"$(inherited)",
					"@executable_path/Frameworks",
					"@loader_path/Frameworks",
				);
				PRODUCT_BUNDLE_IDENTIFIER = com.cloudkitchen.mobile.MySwiftTests;
				PRODUCT_NAME = "$(TARGET_NAME)";
				SWIFT_VERSION = 4.2;
				TARGETED_DEVICE_FAMILY = "1,2";
				TEST_HOST = "$(BUILT_PRODUCTS_DIR)/MySwift.app/MySwift";
			};
			name = Release;
		};
		EE31EB4D224A27CD00F9F5BF /* Debug */ = {
			isa = XCBuildConfiguration;
			baseConfigurationReference = 9431DE81157BEDC36BA28864 /* Pods-MySwiftUITests.debug.xcconfig */;
			buildSettings = {
				ALWAYS_EMBED_SWIFT_STANDARD_LIBRARIES = YES;
				CODE_SIGN_STYLE = Automatic;
				DEVELOPMENT_TEAM = 9Z6V628XF8;
				INFOPLIST_FILE = MySwiftUITests/Info.plist;
				LD_RUNPATH_SEARCH_PATHS = (
					"$(inherited)",
					"@executable_path/Frameworks",
					"@loader_path/Frameworks",
				);
				PRODUCT_BUNDLE_IDENTIFIER = com.cloudkitchen.mobile.MySwiftUITests;
				PRODUCT_NAME = "$(TARGET_NAME)";
				SWIFT_VERSION = 4.2;
				TARGETED_DEVICE_FAMILY = "1,2";
				TEST_TARGET_NAME = MySwift;
			};
			name = Debug;
		};
		EE31EB4E224A27CD00F9F5BF /* Release */ = {
			isa = XCBuildConfiguration;
			baseConfigurationReference = 0037FA37F2D7C944EA86DBD0 /* Pods-MySwiftUITests.release.xcconfig */;
			buildSettings = {
				ALWAYS_EMBED_SWIFT_STANDARD_LIBRARIES = YES;
				CODE_SIGN_STYLE = Automatic;
				DEVELOPMENT_TEAM = 9Z6V628XF8;
				INFOPLIST_FILE = MySwiftUITests/Info.plist;
				LD_RUNPATH_SEARCH_PATHS = (
					"$(inherited)",
					"@executable_path/Frameworks",
					"@loader_path/Frameworks",
				);
				PRODUCT_BUNDLE_IDENTIFIER = com.cloudkitchen.mobile.MySwiftUITests;
				PRODUCT_NAME = "$(TARGET_NAME)";
				SWIFT_VERSION = 4.2;
				TARGETED_DEVICE_FAMILY = "1,2";
				TEST_TARGET_NAME = MySwift;
			};
			name = Release;
		};
/* End XCBuildConfiguration section */

/* Begin XCConfigurationList section */
		EE31EB19224A27CB00F9F5BF /* Build configuration list for PBXProject "MySwift" */ = {
			isa = XCConfigurationList;
			buildConfigurations = (
				EE31EB44224A27CD00F9F5BF /* Debug */,
				EE31EB45224A27CD00F9F5BF /* Release */,
			);
			defaultConfigurationIsVisible = 0;
			defaultConfigurationName = Release;
		};
		EE31EB46224A27CD00F9F5BF /* Build configuration list for PBXNativeTarget "MySwift" */ = {
			isa = XCConfigurationList;
			buildConfigurations = (
				EE31EB47224A27CD00F9F5BF /* Debug */,
				EE31EB48224A27CD00F9F5BF /* Release */,
			);
			defaultConfigurationIsVisible = 0;
			defaultConfigurationName = Release;
		};
		EE31EB49224A27CD00F9F5BF /* Build configuration list for PBXNativeTarget "MySwiftTests" */ = {
			isa = XCConfigurationList;
			buildConfigurations = (
				EE31EB4A224A27CD00F9F5BF /* Debug */,
				EE31EB4B224A27CD00F9F5BF /* Release */,
			);
			defaultConfigurationIsVisible = 0;
			defaultConfigurationName = Release;
		};
		EE31EB4C224A27CD00F9F5BF /* Build configuration list for PBXNativeTarget "MySwiftUITests" */ = {
			isa = XCConfigurationList;
			buildConfigurations = (
				EE31EB4D224A27CD00F9F5BF /* Debug */,
				EE31EB4E224A27CD00F9F5BF /* Release */,
			);
			defaultConfigurationIsVisible = 0;
			defaultConfigurationName = Release;
		};
/* End XCConfigurationList section */
	};
	rootObject = EE31EB16224A27CB00F9F5BF /* Project object */;
}
